
Microsoft Visual Studio Solution File, Format Version 12.00
# Visual Studio Version 17
VisualStudioVersion = 17.0.32014.148
MinimumVisualStudioVersion = 10.0.40219.1
Project("{9A19103F-16F7-4668-BE54-9A1E7A4F7556}") = "InMemoryLoggerAndProvider", "InMemoryLoggerAndProvider\InMemoryLoggerAndProvider.csproj", "{FA3BC356-4590-4B5A-A230-650452D3872E}"
EndProject
Global
	GlobalSection(SolutionConfigurationPlatforms) = preSolution
		Debug|Any CPU = Debug|Any CPU
		Release|Any CPU = Release|Any CPU
	EndGlobalSection
	GlobalSection(ProjectConfigurationPlatforms) = postSolution
		{FA3BC356-4590-4B5A-A230-650452D3872E}.Debug|Any CPU.ActiveCfg = Debug|Any CPU
		{FA3BC356-4590-4B5A-A230-650452D3872E}.Debug|Any CPU.Build.0 = Debug|Any CPU
		{FA3BC356-4590-4B5A-A230-650452D3872E}.Release|Any CPU.ActiveCfg = Release|Any CPU
		{FA3BC356-4590-4B5A-A230-650452D3872E}.Release|Any CPU.Build.0 = Release|Any CPU
	EndGlobalSection
	GlobalSection(SolutionProperties) = preSolution
		HideSolutionNode = FALSE
	EndGlobalSection
	GlobalSection(ExtensibilityGlobals) = postSolution
		SolutionGuid = {8F19A5E0-AC63-4032-ADAF-8E2713862BA6}
	EndGlobalSection
EndGlobal
